
Microsoft Visual Studio Solution File, Format Version 12.00
# Visual Studio Version 16
VisualStudioVersion = 16.0.31911.196
MinimumVisualStudioVersion = 10.0.40219.1
Project("{FAE04EC0-301F-11D3-BF4B-00C04F79EFBC}") = "Project", "Project\Project.csproj", "{AC4736C9-FC78-4A8E-A0F5-963C88492E21}"
EndProject
Project("{FAE04EC0-301F-11D3-BF4B-00C04F79EFBC}") = "DAL", "DAL\DAL.csproj", "{8C352655-B739-4709-BFFF-40443526824C}"
EndProject
Project("{FAE04EC0-301F-11D3-BF4B-00C04F79EFBC}") = "PL", "PL\PL.csproj", "{584F8AB7-E77B-4549-BAF3-4FD933E33B4E}"
EndProject
Project("{FAE04EC0-301F-11D3-BF4B-00C04F79EFBC}") = "DataService", "DataService\DataService.csproj", "{31594655-51B6-4533-A8D5-5B4EC7C16705}"
EndProject
Project("{FAE04EC0-301F-11D3-BF4B-00C04F79EFBC}") = "BLL", "BLL\BLL.csproj", "{80AED173-5626-4CBE-9D2B-DBFF495384CF}"
EndProject
Project("{FAE04EC0-301F-11D3-BF4B-00C04F79EFBC}") = "Test_BLL", "Test_BLL\Test_BLL.csproj", "{E8849F74-7C3C-458A-81D4-3F6419982688}"
EndProject
Global
	GlobalSection(SolutionConfigurationPlatforms) = preSolution
		Debug|Any CPU = Debug|Any CPU
		Release|Any CPU = Release|Any CPU
	EndGlobalSection
	GlobalSection(ProjectConfigurationPlatforms) = postSolution
		{AC4736C9-FC78-4A8E-A0F5-963C88492E21}.Debug|Any CPU.ActiveCfg = Debug|Any CPU
		{AC4736C9-FC78-4A8E-A0F5-963C88492E21}.Debug|Any CPU.Build.0 = Debug|Any CPU
		{AC4736C9-FC78-4A8E-A0F5-963C88492E21}.Release|Any CPU.ActiveCfg = Release|Any CPU
		{AC4736C9-FC78-4A8E-A0F5-963C88492E21}.Release|Any CPU.Build.0 = Release|Any CPU
		{8C352655-B739-4709-BFFF-40443526824C}.Debug|Any CPU.ActiveCfg = Debug|Any CPU
		{8C352655-B739-4709-BFFF-40443526824C}.Debug|Any CPU.Build.0 = Debug|Any CPU
		{8C352655-B739-4709-BFFF-40443526824C}.Release|Any CPU.ActiveCfg = Release|Any CPU
		{8C352655-B739-4709-BFFF-40443526824C}.Release|Any CPU.Build.0 = Release|Any CPU
		{584F8AB7-E77B-4549-BAF3-4FD933E33B4E}.Debug|Any CPU.ActiveCfg = Debug|Any CPU
		{584F8AB7-E77B-4549-BAF3-4FD933E33B4E}.Debug|Any CPU.Build.0 = Debug|Any CPU
		{584F8AB7-E77B-4549-BAF3-4FD933E33B4E}.Release|Any CPU.ActiveCfg = Release|Any CPU
		{584F8AB7-E77B-4549-BAF3-4FD933E33B4E}.Release|Any CPU.Build.0 = Release|Any CPU
		{31594655-51B6-4533-A8D5-5B4EC7C16705}.Debug|Any CPU.ActiveCfg = Debug|Any CPU
		{31594655-51B6-4533-A8D5-5B4EC7C16705}.Debug|Any CPU.Build.0 = Debug|Any CPU
		{31594655-51B6-4533-A8D5-5B4EC7C16705}.Release|Any CPU.ActiveCfg = Release|Any CPU
		{31594655-51B6-4533-A8D5-5B4EC7C16705}.Release|Any CPU.Build.0 = Release|Any CPU
		{80AED173-5626-4CBE-9D2B-DBFF495384CF}.Debug|Any CPU.ActiveCfg = Debug|Any CPU
		{80AED173-5626-4CBE-9D2B-DBFF495384CF}.Debug|Any CPU.Build.0 = Debug|Any CPU
		{80AED173-5626-4CBE-9D2B-DBFF495384CF}.Release|Any CPU.ActiveCfg = Release|Any CPU
		{80AED173-5626-4CBE-9D2B-DBFF495384CF}.Release|Any CPU.Build.0 = Release|Any CPU
		{E8849F74-7C3C-458A-81D4-3F6419982688}.Debug|Any CPU.ActiveCfg = Debug|Any CPU
		{E8849F74-7C3C-458A-81D4-3F6419982688}.Debug|Any CPU.Build.0 = Debug|Any CPU
		{E8849F74-7C3C-458A-81D4-3F6419982688}.Release|Any CPU.ActiveCfg = Release|Any CPU
		{E8849F74-7C3C-458A-81D4-3F6419982688}.Release|Any CPU.Build.0 = Release|Any CPU
	EndGlobalSection
	GlobalSection(SolutionProperties) = preSolution
		HideSolutionNode = FALSE
	EndGlobalSection
	GlobalSection(ExtensibilityGlobals) = postSolution
		SolutionGuid = {02D80AF1-7048-460C-918B-250E6EF37F65}
	EndGlobalSection
EndGlobal
